
Microsoft Visual Studio Solution File, Format Version 12.00
# Visual Studio 15
Project("{FAE04EC0-301F-11D3-BF4B-00C04F79EFBC}") = "BringTheList.Android", "BringTheList.Android\BringTheList.Android.csproj", "{36FDAE05-0FC9-49A7-820B-22531C98896A}"
EndProject
Project("{FAE04EC0-301F-11D3-BF4B-00C04F79EFBC}") = "BringTheList.iOS", "BringTheList.iOS\BringTheList.iOS.csproj", "{CFAF1CBC-DFFA-4FEA-A50B-26A59AB5E47E}"
EndProject
Project("{FAE04EC0-301F-11D3-BF4B-00C04F79EFBC}") = "BringTheList.UITests", "BringTheList.UITests\BringTheList.UITests.csproj", "{375521E7-D705-4F05-B981-F8D349DEDFB1}"
EndProject
Project("{FAE04EC0-301F-11D3-BF4B-00C04F79EFBC}") = "BringTheList", "BringTheList\BringTheList.csproj", "{17515FB4-2369-47DA-8C7F-BAFFB2FB0B97}"
EndProject
Project("{FAE04EC0-301F-11D3-BF4B-00C04F79EFBC}") = "BringTheList.MacOS", "BringTheList.MacOS\BringTheList.MacOS.csproj", "{857EC171-A705-4E59-B0B3-28F8CB9F30FA}"
EndProject
Global
	GlobalSection(SolutionConfigurationPlatforms) = preSolution
		Debug|Any CPU = Debug|Any CPU
		Release|Any CPU = Release|Any CPU
		Debug|iPhoneSimulator = Debug|iPhoneSimulator
		Release|iPhoneSimulator = Release|iPhoneSimulator
		Debug|iPhone = Debug|iPhone
		Release|iPhone = Release|iPhone
	EndGlobalSection
	GlobalSection(ProjectConfigurationPlatforms) = postSolution
		{36FDAE05-0FC9-49A7-820B-22531C98896A}.Debug|Any CPU.ActiveCfg = Debug|Any CPU
		{36FDAE05-0FC9-49A7-820B-22531C98896A}.Debug|Any CPU.Build.0 = Debug|Any CPU
		{36FDAE05-0FC9-49A7-820B-22531C98896A}.Release|Any CPU.ActiveCfg = Release|Any CPU
		{36FDAE05-0FC9-49A7-820B-22531C98896A}.Release|Any CPU.Build.0 = Release|Any CPU
		{36FDAE05-0FC9-49A7-820B-22531C98896A}.Debug|iPhoneSimulator.ActiveCfg = Debug|Any CPU
		{36FDAE05-0FC9-49A7-820B-22531C98896A}.Debug|iPhoneSimulator.Build.0 = Debug|Any CPU
		{36FDAE05-0FC9-49A7-820B-22531C98896A}.Release|iPhoneSimulator.ActiveCfg = Release|Any CPU
		{36FDAE05-0FC9-49A7-820B-22531C98896A}.Release|iPhoneSimulator.Build.0 = Release|Any CPU
		{36FDAE05-0FC9-49A7-820B-22531C98896A}.Debug|iPhone.ActiveCfg = Debug|Any CPU
		{36FDAE05-0FC9-49A7-820B-22531C98896A}.Debug|iPhone.Build.0 = Debug|Any CPU
		{36FDAE05-0FC9-49A7-820B-22531C98896A}.Release|iPhone.ActiveCfg = Release|Any CPU
		{36FDAE05-0FC9-49A7-820B-22531C98896A}.Release|iPhone.Build.0 = Release|Any CPU
		{CFAF1CBC-DFFA-4FEA-A50B-26A59AB5E47E}.Debug|Any CPU.ActiveCfg = Debug|iPhoneSimulator
		{CFAF1CBC-DFFA-4FEA-A50B-26A59AB5E47E}.Debug|Any CPU.Build.0 = Debug|iPhoneSimulator
		{CFAF1CBC-DFFA-4FEA-A50B-26A59AB5E47E}.Release|Any CPU.ActiveCfg = Release|iPhoneSimulator
		{CFAF1CBC-DFFA-4FEA-A50B-26A59AB5E47E}.Release|Any CPU.Build.0 = Release|iPhoneSimulator
		{CFAF1CBC-DFFA-4FEA-A50B-26A59AB5E47E}.Debug|iPhoneSimulator.ActiveCfg = Debug|iPhoneSimulator
		{CFAF1CBC-DFFA-4FEA-A50B-26A59AB5E47E}.Debug|iPhoneSimulator.Build.0 = Debug|iPhoneSimulator
		{CFAF1CBC-DFFA-4FEA-A50B-26A59AB5E47E}.Release|iPhoneSimulator.ActiveCfg = Release|iPhoneSimulator
		{CFAF1CBC-DFFA-4FEA-A50B-26A59AB5E47E}.Release|iPhoneSimulator.Build.0 = Release|iPhoneSimulator
		{CFAF1CBC-DFFA-4FEA-A50B-26A59AB5E47E}.Debug|iPhone.ActiveCfg = Debug|iPhone
		{CFAF1CBC-DFFA-4FEA-A50B-26A59AB5E47E}.Debug|iPhone.Build.0 = Debug|iPhone
		{CFAF1CBC-DFFA-4FEA-A50B-26A59AB5E47E}.Release|iPhone.ActiveCfg = Release|iPhone
		{CFAF1CBC-DFFA-4FEA-A50B-26A59AB5E47E}.Release|iPhone.Build.0 = Release|iPhone
		{375521E7-D705-4F05-B981-F8D349DEDFB1}.Debug|Any CPU.ActiveCfg = Debug|Any CPU
		{375521E7-D705-4F05-B981-F8D349DEDFB1}.Debug|Any CPU.Build.0 = Debug|Any CPU
		{375521E7-D705-4F05-B981-F8D349DEDFB1}.Release|Any CPU.ActiveCfg = Release|Any CPU
		{375521E7-D705-4F05-B981-F8D349DEDFB1}.Release|Any CPU.Build.0 = Release|Any CPU
		{375521E7-D705-4F05-B981-F8D349DEDFB1}.Debug|iPhoneSimulator.ActiveCfg = Debug|Any CPU
		{375521E7-D705-4F05-B981-F8D349DEDFB1}.Debug|iPhoneSimulator.Build.0 = Debug|Any CPU
		{375521E7-D705-4F05-B981-F8D349DEDFB1}.Release|iPhoneSimulator.ActiveCfg = Release|Any CPU
		{375521E7-D705-4F05-B981-F8D349DEDFB1}.Release|iPhoneSimulator.Build.0 = Release|Any CPU
		{375521E7-D705-4F05-B981-F8D349DEDFB1}.Debug|iPhone.ActiveCfg = Debug|Any CPU
		{375521E7-D705-4F05-B981-F8D349DEDFB1}.Debug|iPhone.Build.0 = Debug|Any CPU
		{375521E7-D705-4F05-B981-F8D349DEDFB1}.Release|iPhone.ActiveCfg = Release|Any CPU
		{375521E7-D705-4F05-B981-F8D349DEDFB1}.Release|iPhone.Build.0 = Release|Any CPU
		{17515FB4-2369-47DA-8C7F-BAFFB2FB0B97}.Debug|Any CPU.ActiveCfg = Debug|Any CPU
		{17515FB4-2369-47DA-8C7F-BAFFB2FB0B97}.Debug|Any CPU.Build.0 = Debug|Any CPU
		{17515FB4-2369-47DA-8C7F-BAFFB2FB0B97}.Release|Any CPU.ActiveCfg = Release|Any CPU
		{17515FB4-2369-47DA-8C7F-BAFFB2FB0B97}.Release|Any CPU.Build.0 = Release|Any CPU
		{17515FB4-2369-47DA-8C7F-BAFFB2FB0B97}.Debug|iPhoneSimulator.ActiveCfg = Debug|Any CPU
		{17515FB4-2369-47DA-8C7F-BAFFB2FB0B97}.Debug|iPhoneSimulator.Build.0 = Debug|Any CPU
		{17515FB4-2369-47DA-8C7F-BAFFB2FB0B97}.Release|iPhoneSimulator.ActiveCfg = Release|Any CPU
		{17515FB4-2369-47DA-8C7F-BAFFB2FB0B97}.Release|iPhoneSimulator.Build.0 = Release|Any CPU
		{17515FB4-2369-47DA-8C7F-BAFFB2FB0B97}.Debug|iPhone.ActiveCfg = Debug|Any CPU
		{17515FB4-2369-47DA-8C7F-BAFFB2FB0B97}.Debug|iPhone.Build.0 = Debug|Any CPU
		{17515FB4-2369-47DA-8C7F-BAFFB2FB0B97}.Release|iPhone.ActiveCfg = Release|Any CPU
		{17515FB4-2369-47DA-8C7F-BAFFB2FB0B97}.Release|iPhone.Build.0 = Release|Any CPU
		{857EC171-A705-4E59-B0B3-28F8CB9F30FA}.Debug|Any CPU.ActiveCfg = Debug|Any CPU
		{857EC171-A705-4E59-B0B3-28F8CB9F30FA}.Debug|Any CPU.Build.0 = Debug|Any CPU
		{857EC171-A705-4E59-B0B3-28F8CB9F30FA}.Release|Any CPU.ActiveCfg = Release|Any CPU
		{857EC171-A705-4E59-B0B3-28F8CB9F30FA}.Release|Any CPU.Build.0 = Release|Any CPU
		{857EC171-A705-4E59-B0B3-28F8CB9F30FA}.Debug|iPhoneSimulator.ActiveCfg = Debug|Any CPU
		{857EC171-A705-4E59-B0B3-28F8CB9F30FA}.Debug|iPhoneSimulator.Build.0 = Debug|Any CPU
		{857EC171-A705-4E59-B0B3-28F8CB9F30FA}.Release|iPhoneSimulator.ActiveCfg = Release|Any CPU
		{857EC171-A705-4E59-B0B3-28F8CB9F30FA}.Release|iPhoneSimulator.Build.0 = Release|Any CPU
		{857EC171-A705-4E59-B0B3-28F8CB9F30FA}.Debug|iPhone.ActiveCfg = Debug|Any CPU
		{857EC171-A705-4E59-B0B3-28F8CB9F30FA}.Debug|iPhone.Build.0 = Debug|Any CPU
		{857EC171-A705-4E59-B0B3-28F8CB9F30FA}.Release|iPhone.ActiveCfg = Release|Any CPU
		{857EC171-A705-4E59-B0B3-28F8CB9F30FA}.Release|iPhone.Build.0 = Release|Any CPU
	EndGlobalSection
EndGlobal
