Microsoft Visual Studio Solution File, Format Version 12.00
# Visual Studio Version 16
VisualStudioVersion = 16.0.30413.136
MinimumVisualStudioVersion = 10.0.40219.1
Project("{9A19103F-16F7-4668-BE54-9A1E7A4F7556}") = "BringTheList", "BringTheList\BringTheList.csproj", "{03258E2A-BE9C-4D89-83F3-AFB807A14D73}"
EndProject
Project("{FAE04EC0-301F-11D3-BF4B-00C04F79EFBC}") = "BringTheList.Android", "BringTheList.Android\BringTheList.Android.csproj", "{052D85C5-404F-4DAA-92B4-22C3E9B18D4A}"
EndProject
Project("{FAE04EC0-301F-11D3-BF4B-00C04F79EFBC}") = "BringTheList.iOS", "BringTheList.iOS\BringTheList.iOS.csproj", "{143BF86A-9116-4749-B467-05F05B3FE137}"
EndProject
Project("{FAE04EC0-301F-11D3-BF4B-00C04F79EFBC}") = "BringTheList.UWP", "BringTheList.UWP\BringTheList.UWP.csproj", "{373EB402-0935-438E-A044-DAE87AFA84AB}"
EndProject
Project("{FAE04EC0-301F-11D3-BF4B-00C04F79EFBC}") = "BringTheList.WPF", "BringTheList.WPF\BringTheList.WPF.csproj", "{84CDAD22-1359-4F6B-93B0-4AD3FBC1A7BB}"
EndProject
Global
	GlobalSection(SolutionConfigurationPlatforms) = preSolution
		Debug|Any CPU = Debug|Any CPU
		Debug|ARM = Debug|ARM
		Debug|iPhone = Debug|iPhone
		Debug|iPhoneSimulator = Debug|iPhoneSimulator
		Debug|x64 = Debug|x64
		Debug|x86 = Debug|x86
		Release|Any CPU = Release|Any CPU
		Release|ARM = Release|ARM
		Release|iPhone = Release|iPhone
		Release|iPhoneSimulator = Release|iPhoneSimulator
		Release|x64 = Release|x64
		Release|x86 = Release|x86
	EndGlobalSection
	GlobalSection(ProjectConfigurationPlatforms) = postSolution
		{03258E2A-BE9C-4D89-83F3-AFB807A14D73}.Debug|Any CPU.ActiveCfg = Debug|Any CPU
		{03258E2A-BE9C-4D89-83F3-AFB807A14D73}.Debug|Any CPU.Build.0 = Debug|Any CPU
		{03258E2A-BE9C-4D89-83F3-AFB807A14D73}.Debug|ARM.ActiveCfg = Debug|Any CPU
		{03258E2A-BE9C-4D89-83F3-AFB807A14D73}.Debug|ARM.Build.0 = Debug|Any CPU
		{03258E2A-BE9C-4D89-83F3-AFB807A14D73}.Debug|iPhone.ActiveCfg = Debug|Any CPU
		{03258E2A-BE9C-4D89-83F3-AFB807A14D73}.Debug|iPhone.Build.0 = Debug|Any CPU
		{03258E2A-BE9C-4D89-83F3-AFB807A14D73}.Debug|iPhoneSimulator.ActiveCfg = Debug|Any CPU
		{03258E2A-BE9C-4D89-83F3-AFB807A14D73}.Debug|iPhoneSimulator.Build.0 = Debug|Any CPU
		{03258E2A-BE9C-4D89-83F3-AFB807A14D73}.Debug|x64.ActiveCfg = Debug|Any CPU
		{03258E2A-BE9C-4D89-83F3-AFB807A14D73}.Debug|x64.Build.0 = Debug|Any CPU
		{03258E2A-BE9C-4D89-83F3-AFB807A14D73}.Debug|x86.ActiveCfg = Debug|Any CPU
		{03258E2A-BE9C-4D89-83F3-AFB807A14D73}.Debug|x86.Build.0 = Debug|Any CPU
		{03258E2A-BE9C-4D89-83F3-AFB807A14D73}.Release|Any CPU.ActiveCfg = Release|Any CPU
		{03258E2A-BE9C-4D89-83F3-AFB807A14D73}.Release|Any CPU.Build.0 = Release|Any CPU
		{03258E2A-BE9C-4D89-83F3-AFB807A14D73}.Release|ARM.ActiveCfg = Release|Any CPU
		{03258E2A-BE9C-4D89-83F3-AFB807A14D73}.Release|ARM.Build.0 = Release|Any CPU
		{03258E2A-BE9C-4D89-83F3-AFB807A14D73}.Release|iPhone.ActiveCfg = Release|Any CPU
		{03258E2A-BE9C-4D89-83F3-AFB807A14D73}.Release|iPhone.Build.0 = Release|Any CPU
		{03258E2A-BE9C-4D89-83F3-AFB807A14D73}.Release|iPhoneSimulator.ActiveCfg = Release|Any CPU
		{03258E2A-BE9C-4D89-83F3-AFB807A14D73}.Release|iPhoneSimulator.Build.0 = Release|Any CPU
		{03258E2A-BE9C-4D89-83F3-AFB807A14D73}.Release|x64.ActiveCfg = Release|Any CPU
		{03258E2A-BE9C-4D89-83F3-AFB807A14D73}.Release|x64.Build.0 = Release|Any CPU
		{03258E2A-BE9C-4D89-83F3-AFB807A14D73}.Release|x86.ActiveCfg = Release|Any CPU
		{03258E2A-BE9C-4D89-83F3-AFB807A14D73}.Release|x86.Build.0 = Release|Any CPU
		{052D85C5-404F-4DAA-92B4-22C3E9B18D4A}.Debug|Any CPU.ActiveCfg = Debug|Any CPU
		{052D85C5-404F-4DAA-92B4-22C3E9B18D4A}.Debug|Any CPU.Build.0 = Debug|Any CPU
		{052D85C5-404F-4DAA-92B4-22C3E9B18D4A}.Debug|Any CPU.Deploy.0 = Debug|Any CPU
		{052D85C5-404F-4DAA-92B4-22C3E9B18D4A}.Debug|ARM.ActiveCfg = Debug|Any CPU
		{052D85C5-404F-4DAA-92B4-22C3E9B18D4A}.Debug|ARM.Build.0 = Debug|Any CPU
		{052D85C5-404F-4DAA-92B4-22C3E9B18D4A}.Debug|ARM.Deploy.0 = Debug|Any CPU
		{052D85C5-404F-4DAA-92B4-22C3E9B18D4A}.Debug|iPhone.ActiveCfg = Debug|Any CPU
		{052D85C5-404F-4DAA-92B4-22C3E9B18D4A}.Debug|iPhone.Build.0 = Debug|Any CPU
		{052D85C5-404F-4DAA-92B4-22C3E9B18D4A}.Debug|iPhone.Deploy.0 = Debug|Any CPU
		{052D85C5-404F-4DAA-92B4-22C3E9B18D4A}.Debug|iPhoneSimulator.ActiveCfg = Debug|Any CPU
		{052D85C5-404F-4DAA-92B4-22C3E9B18D4A}.Debug|iPhoneSimulator.Build.0 = Debug|Any CPU
		{052D85C5-404F-4DAA-92B4-22C3E9B18D4A}.Debug|iPhoneSimulator.Deploy.0 = Debug|Any CPU
		{052D85C5-404F-4DAA-92B4-22C3E9B18D4A}.Debug|x64.ActiveCfg = Debug|Any CPU
		{052D85C5-404F-4DAA-92B4-22C3E9B18D4A}.Debug|x64.Build.0 = Debug|Any CPU
		{052D85C5-404F-4DAA-92B4-22C3E9B18D4A}.Debug|x64.Deploy.0 = Debug|Any CPU
		{052D85C5-404F-4DAA-92B4-22C3E9B18D4A}.Debug|x86.ActiveCfg = Debug|Any CPU
		{052D85C5-404F-4DAA-92B4-22C3E9B18D4A}.Debug|x86.Build.0 = Debug|Any CPU
		{052D85C5-404F-4DAA-92B4-22C3E9B18D4A}.Debug|x86.Deploy.0 = Debug|Any CPU
		{052D85C5-404F-4DAA-92B4-22C3E9B18D4A}.Release|Any CPU.ActiveCfg = Release|Any CPU
		{052D85C5-404F-4DAA-92B4-22C3E9B18D4A}.Release|Any CPU.Build.0 = Release|Any CPU
		{052D85C5-404F-4DAA-92B4-22C3E9B18D4A}.Release|Any CPU.Deploy.0 = Release|Any CPU
		{052D85C5-404F-4DAA-92B4-22C3E9B18D4A}.Release|ARM.ActiveCfg = Release|Any CPU
		{052D85C5-404F-4DAA-92B4-22C3E9B18D4A}.Release|ARM.Build.0 = Release|Any CPU
		{052D85C5-404F-4DAA-92B4-22C3E9B18D4A}.Release|ARM.Deploy.0 = Release|Any CPU
		{052D85C5-404F-4DAA-92B4-22C3E9B18D4A}.Release|iPhone.ActiveCfg = Release|Any CPU
		{052D85C5-404F-4DAA-92B4-22C3E9B18D4A}.Release|iPhone.Build.0 = Release|Any CPU
		{052D85C5-404F-4DAA-92B4-22C3E9B18D4A}.Release|iPhone.Deploy.0 = Release|Any CPU
		{052D85C5-404F-4DAA-92B4-22C3E9B18D4A}.Release|iPhoneSimulator.ActiveCfg = Release|Any CPU
		{052D85C5-404F-4DAA-92B4-22C3E9B18D4A}.Release|iPhoneSimulator.Build.0 = Release|Any CPU
		{052D85C5-404F-4DAA-92B4-22C3E9B18D4A}.Release|iPhoneSimulator.Deploy.0 = Release|Any CPU
		{052D85C5-404F-4DAA-92B4-22C3E9B18D4A}.Release|x64.ActiveCfg = Release|Any CPU
		{052D85C5-404F-4DAA-92B4-22C3E9B18D4A}.Release|x64.Build.0 = Release|Any CPU
		{052D85C5-404F-4DAA-92B4-22C3E9B18D4A}.Release|x64.Deploy.0 = Release|Any CPU
		{052D85C5-404F-4DAA-92B4-22C3E9B18D4A}.Release|x86.ActiveCfg = Release|Any CPU
		{052D85C5-404F-4DAA-92B4-22C3E9B18D4A}.Release|x86.Build.0 = Release|Any CPU
		{052D85C5-404F-4DAA-92B4-22C3E9B18D4A}.Release|x86.Deploy.0 = Release|Any CPU
		{143BF86A-9116-4749-B467-05F05B3FE137}.Debug|Any CPU.ActiveCfg = Debug|iPhoneSimulator
		{143BF86A-9116-4749-B467-05F05B3FE137}.Debug|ARM.ActiveCfg = Debug|iPhoneSimulator
		{143BF86A-9116-4749-B467-05F05B3FE137}.Debug|iPhone.ActiveCfg = Debug|iPhone
		{143BF86A-9116-4749-B467-05F05B3FE137}.Debug|iPhone.Build.0 = Debug|iPhone
		{143BF86A-9116-4749-B467-05F05B3FE137}.Debug|iPhoneSimulator.ActiveCfg = Debug|iPhoneSimulator
		{143BF86A-9116-4749-B467-05F05B3FE137}.Debug|iPhoneSimulator.Build.0 = Debug|iPhoneSimulator
		{143BF86A-9116-4749-B467-05F05B3FE137}.Debug|x64.ActiveCfg = Debug|iPhoneSimulator
		{143BF86A-9116-4749-B467-05F05B3FE137}.Debug|x86.ActiveCfg = Debug|iPhoneSimulator
		{143BF86A-9116-4749-B467-05F05B3FE137}.Release|Any CPU.ActiveCfg = Release|iPhoneSimulator
		{143BF86A-9116-4749-B467-05F05B3FE137}.Release|ARM.ActiveCfg = Release|iPhoneSimulator
		{143BF86A-9116-4749-B467-05F05B3FE137}.Release|iPhone.ActiveCfg = Release|iPhone
		{143BF86A-9116-4749-B467-05F05B3FE137}.Release|iPhone.Build.0 = Release|iPhone
		{143BF86A-9116-4749-B467-05F05B3FE137}.Release|iPhoneSimulator.ActiveCfg = Release|iPhoneSimulator
		{143BF86A-9116-4749-B467-05F05B3FE137}.Release|iPhoneSimulator.Build.0 = Release|iPhoneSimulator
		{143BF86A-9116-4749-B467-05F05B3FE137}.Release|x64.ActiveCfg = Release|iPhoneSimulator
		{143BF86A-9116-4749-B467-05F05B3FE137}.Release|x86.ActiveCfg = Release|iPhoneSimulator
		{373EB402-0935-438E-A044-DAE87AFA84AB}.Debug|Any CPU.ActiveCfg = Debug|x86
		{373EB402-0935-438E-A044-DAE87AFA84AB}.Debug|ARM.ActiveCfg = Debug|ARM
		{373EB402-0935-438E-A044-DAE87AFA84AB}.Debug|ARM.Build.0 = Debug|ARM
		{373EB402-0935-438E-A044-DAE87AFA84AB}.Debug|ARM.Deploy.0 = Debug|ARM
		{373EB402-0935-438E-A044-DAE87AFA84AB}.Debug|iPhone.ActiveCfg = Debug|x86
		{373EB402-0935-438E-A044-DAE87AFA84AB}.Debug|iPhoneSimulator.ActiveCfg = Debug|x86
		{373EB402-0935-438E-A044-DAE87AFA84AB}.Debug|x64.ActiveCfg = Debug|x64
		{373EB402-0935-438E-A044-DAE87AFA84AB}.Debug|x64.Build.0 = Debug|x64
		{373EB402-0935-438E-A044-DAE87AFA84AB}.Debug|x64.Deploy.0 = Debug|x64
		{373EB402-0935-438E-A044-DAE87AFA84AB}.Debug|x86.ActiveCfg = Debug|x86
		{373EB402-0935-438E-A044-DAE87AFA84AB}.Debug|x86.Build.0 = Debug|x86
		{373EB402-0935-438E-A044-DAE87AFA84AB}.Debug|x86.Deploy.0 = Debug|x86
		{373EB402-0935-438E-A044-DAE87AFA84AB}.Release|Any CPU.ActiveCfg = Release|x86
		{373EB402-0935-438E-A044-DAE87AFA84AB}.Release|ARM.ActiveCfg = Release|ARM
		{373EB402-0935-438E-A044-DAE87AFA84AB}.Release|ARM.Build.0 = Release|ARM
		{373EB402-0935-438E-A044-DAE87AFA84AB}.Release|ARM.Deploy.0 = Release|ARM
		{373EB402-0935-438E-A044-DAE87AFA84AB}.Release|iPhone.ActiveCfg = Release|x86
		{373EB402-0935-438E-A044-DAE87AFA84AB}.Release|iPhoneSimulator.ActiveCfg = Release|x86
		{373EB402-0935-438E-A044-DAE87AFA84AB}.Release|x64.ActiveCfg = Release|x64
		{373EB402-0935-438E-A044-DAE87AFA84AB}.Release|x64.Build.0 = Release|x64
		{373EB402-0935-438E-A044-DAE87AFA84AB}.Release|x64.Deploy.0 = Release|x64
		{373EB402-0935-438E-A044-DAE87AFA84AB}.Release|x86.ActiveCfg = Release|x86
		{373EB402-0935-438E-A044-DAE87AFA84AB}.Release|x86.Build.0 = Release|x86
		{373EB402-0935-438E-A044-DAE87AFA84AB}.Release|x86.Deploy.0 = Release|x86
		{84CDAD22-1359-4F6B-93B0-4AD3FBC1A7BB}.Debug|Any CPU.ActiveCfg = Debug|Any CPU
		{84CDAD22-1359-4F6B-93B0-4AD3FBC1A7BB}.Debug|Any CPU.Build.0 = Debug|Any CPU
		{84CDAD22-1359-4F6B-93B0-4AD3FBC1A7BB}.Debug|ARM.ActiveCfg = Debug|Any CPU
		{84CDAD22-1359-4F6B-93B0-4AD3FBC1A7BB}.Debug|ARM.Build.0 = Debug|Any CPU
		{84CDAD22-1359-4F6B-93B0-4AD3FBC1A7BB}.Debug|iPhone.ActiveCfg = Debug|Any CPU
		{84CDAD22-1359-4F6B-93B0-4AD3FBC1A7BB}.Debug|iPhone.Build.0 = Debug|Any CPU
		{84CDAD22-1359-4F6B-93B0-4AD3FBC1A7BB}.Debug|iPhoneSimulator.ActiveCfg = Debug|Any CPU
		{84CDAD22-1359-4F6B-93B0-4AD3FBC1A7BB}.Debug|iPhoneSimulator.Build.0 = Debug|Any CPU
		{84CDAD22-1359-4F6B-93B0-4AD3FBC1A7BB}.Debug|x64.ActiveCfg = Debug|Any CPU
		{84CDAD22-1359-4F6B-93B0-4AD3FBC1A7BB}.Debug|x64.Build.0 = Debug|Any CPU
		{84CDAD22-1359-4F6B-93B0-4AD3FBC1A7BB}.Debug|x86.ActiveCfg = Debug|Any CPU
		{84CDAD22-1359-4F6B-93B0-4AD3FBC1A7BB}.Debug|x86.Build.0 = Debug|Any CPU
		{84CDAD22-1359-4F6B-93B0-4AD3FBC1A7BB}.Release|Any CPU.ActiveCfg = Release|Any CPU
		{84CDAD22-1359-4F6B-93B0-4AD3FBC1A7BB}.Release|Any CPU.Build.0 = Release|Any CPU
		{84CDAD22-1359-4F6B-93B0-4AD3FBC1A7BB}.Release|ARM.ActiveCfg = Release|Any CPU
		{84CDAD22-1359-4F6B-93B0-4AD3FBC1A7BB}.Release|ARM.Build.0 = Release|Any CPU
		{84CDAD22-1359-4F6B-93B0-4AD3FBC1A7BB}.Release|iPhone.ActiveCfg = Release|Any CPU
		{84CDAD22-1359-4F6B-93B0-4AD3FBC1A7BB}.Release|iPhone.Build.0 = Release|Any CPU
		{84CDAD22-1359-4F6B-93B0-4AD3FBC1A7BB}.Release|iPhoneSimulator.ActiveCfg = Release|Any CPU
		{84CDAD22-1359-4F6B-93B0-4AD3FBC1A7BB}.Release|iPhoneSimulator.Build.0 = Release|Any CPU
		{84CDAD22-1359-4F6B-93B0-4AD3FBC1A7BB}.Release|x64.ActiveCfg = Release|Any CPU
		{84CDAD22-1359-4F6B-93B0-4AD3FBC1A7BB}.Release|x64.Build.0 = Release|Any CPU
		{84CDAD22-1359-4F6B-93B0-4AD3FBC1A7BB}.Release|x86.ActiveCfg = Release|Any CPU
		{84CDAD22-1359-4F6B-93B0-4AD3FBC1A7BB}.Release|x86.Build.0 = Release|Any CPU
	EndGlobalSection
	GlobalSection(SolutionProperties) = preSolution
		HideSolutionNode = FALSE
	EndGlobalSection
	GlobalSection(ExtensibilityGlobals) = postSolution
		SolutionGuid = {EE069877-617C-423B-A305-A644552638B1}
	EndGlobalSection
EndGlobal
